
Microsoft Visual Studio Solution File, Format Version 12.00
# Visual Studio Version 17
VisualStudioVersion = 17.3.32811.315
MinimumVisualStudioVersion = 10.0.40219.1
Project("{9A19103F-16F7-4668-BE54-9A1E7A4F7556}") = "Homework_7_2", "Homework_7\Homework_7_2.csproj", "{E284F98A-BE95-4D0C-AD3B-388A1D0C4FA1}"
EndProject
Project("{9A19103F-16F7-4668-BE54-9A1E7A4F7556}") = "Homework_7_1", "Homework_7_1\Homework_7_1.csproj", "{E30AB3B0-D4F9-461D-B117-036CBCFB8624}"
EndProject
Global
	GlobalSection(SolutionConfigurationPlatforms) = preSolution
		Debug|Any CPU = Debug|Any CPU
		Release|Any CPU = Release|Any CPU
	EndGlobalSection
	GlobalSection(ProjectConfigurationPlatforms) = postSolution
		{E284F98A-BE95-4D0C-AD3B-388A1D0C4FA1}.Debug|Any CPU.ActiveCfg = Debug|Any CPU
		{E284F98A-BE95-4D0C-AD3B-388A1D0C4FA1}.Debug|Any CPU.Build.0 = Debug|Any CPU
		{E284F98A-BE95-4D0C-AD3B-388A1D0C4FA1}.Release|Any CPU.ActiveCfg = Release|Any CPU
		{E284F98A-BE95-4D0C-AD3B-388A1D0C4FA1}.Release|Any CPU.Build.0 = Release|Any CPU
		{E30AB3B0-D4F9-461D-B117-036CBCFB8624}.Debug|Any CPU.ActiveCfg = Debug|Any CPU
		{E30AB3B0-D4F9-461D-B117-036CBCFB8624}.Debug|Any CPU.Build.0 = Debug|Any CPU
		{E30AB3B0-D4F9-461D-B117-036CBCFB8624}.Release|Any CPU.ActiveCfg = Release|Any CPU
		{E30AB3B0-D4F9-461D-B117-036CBCFB8624}.Release|Any CPU.Build.0 = Release|Any CPU
	EndGlobalSection
	GlobalSection(SolutionProperties) = preSolution
		HideSolutionNode = FALSE
	EndGlobalSection
	GlobalSection(ExtensibilityGlobals) = postSolution
		SolutionGuid = {B3E0C936-F7CD-41D6-8296-1650B6E877DA}
	EndGlobalSection
EndGlobal
